
Microsoft Visual Studio Solution File, Format Version 11.00
# Visual Studio 2010
Project("{FAE04EC0-301F-11D3-BF4B-00C04F79EFBC}") = "Mars.Andean.MyDispatchAdvice", "Mars.Andean.MyDispatchAdvice\Mars.Andean.MyDispatchAdvice.csproj", "{11FC7ACC-A1A5-4536-9008-63B552040CAB}"
EndProject
Project("{FAE04EC0-301F-11D3-BF4B-00C04F79EFBC}") = "Mars.Andean.Utilidades", "Mars.Andean.Utilidades\Mars.Andean.Utilidades.csproj", "{08B7D51E-1D0F-41A8-9A61-6E4FC5EE9C4E}"
EndProject
Project("{FAE04EC0-301F-11D3-BF4B-00C04F79EFBC}") = "Mars.Andean.DispatchAdvice", "Mars.Andean.DispatchAdvice\Mars.Andean.DispatchAdvice.csproj", "{DC748231-7736-4E5C-81DD-84A1E9AAFA76}"
EndProject
Project("{FAE04EC0-301F-11D3-BF4B-00C04F79EFBC}") = "Mars.Andean.BatchDispatchAdvice", "Mars.Andean.BatchDispatchAdvice\Mars.Andean.BatchDispatchAdvice.csproj", "{17E952F5-C608-44B5-907F-5B11AD998206}"
EndProject
Global
	GlobalSection(SolutionConfigurationPlatforms) = preSolution
		Debug|Any CPU = Debug|Any CPU
		Debug|Mixed Platforms = Debug|Mixed Platforms
		Debug|x86 = Debug|x86
		Release|Any CPU = Release|Any CPU
		Release|Mixed Platforms = Release|Mixed Platforms
		Release|x86 = Release|x86
	EndGlobalSection
	GlobalSection(ProjectConfigurationPlatforms) = postSolution
		{11FC7ACC-A1A5-4536-9008-63B552040CAB}.Debug|Any CPU.ActiveCfg = Debug|Any CPU
		{11FC7ACC-A1A5-4536-9008-63B552040CAB}.Debug|Any CPU.Build.0 = Debug|Any CPU
		{11FC7ACC-A1A5-4536-9008-63B552040CAB}.Debug|Mixed Platforms.ActiveCfg = Debug|Any CPU
		{11FC7ACC-A1A5-4536-9008-63B552040CAB}.Debug|Mixed Platforms.Build.0 = Debug|Any CPU
		{11FC7ACC-A1A5-4536-9008-63B552040CAB}.Debug|x86.ActiveCfg = Debug|Any CPU
		{11FC7ACC-A1A5-4536-9008-63B552040CAB}.Release|Any CPU.ActiveCfg = Release|Any CPU
		{11FC7ACC-A1A5-4536-9008-63B552040CAB}.Release|Any CPU.Build.0 = Release|Any CPU
		{11FC7ACC-A1A5-4536-9008-63B552040CAB}.Release|Mixed Platforms.ActiveCfg = Release|Any CPU
		{11FC7ACC-A1A5-4536-9008-63B552040CAB}.Release|Mixed Platforms.Build.0 = Release|Any CPU
		{11FC7ACC-A1A5-4536-9008-63B552040CAB}.Release|x86.ActiveCfg = Release|Any CPU
		{08B7D51E-1D0F-41A8-9A61-6E4FC5EE9C4E}.Debug|Any CPU.ActiveCfg = Debug|Any CPU
		{08B7D51E-1D0F-41A8-9A61-6E4FC5EE9C4E}.Debug|Any CPU.Build.0 = Debug|Any CPU
		{08B7D51E-1D0F-41A8-9A61-6E4FC5EE9C4E}.Debug|Mixed Platforms.ActiveCfg = Debug|Any CPU
		{08B7D51E-1D0F-41A8-9A61-6E4FC5EE9C4E}.Debug|Mixed Platforms.Build.0 = Debug|Any CPU
		{08B7D51E-1D0F-41A8-9A61-6E4FC5EE9C4E}.Debug|x86.ActiveCfg = Debug|Any CPU
		{08B7D51E-1D0F-41A8-9A61-6E4FC5EE9C4E}.Release|Any CPU.ActiveCfg = Release|Any CPU
		{08B7D51E-1D0F-41A8-9A61-6E4FC5EE9C4E}.Release|Any CPU.Build.0 = Release|Any CPU
		{08B7D51E-1D0F-41A8-9A61-6E4FC5EE9C4E}.Release|Mixed Platforms.ActiveCfg = Release|Any CPU
		{08B7D51E-1D0F-41A8-9A61-6E4FC5EE9C4E}.Release|Mixed Platforms.Build.0 = Release|Any CPU
		{08B7D51E-1D0F-41A8-9A61-6E4FC5EE9C4E}.Release|x86.ActiveCfg = Release|Any CPU
		{DC748231-7736-4E5C-81DD-84A1E9AAFA76}.Debug|Any CPU.ActiveCfg = Debug|Any CPU
		{DC748231-7736-4E5C-81DD-84A1E9AAFA76}.Debug|Any CPU.Build.0 = Debug|Any CPU
		{DC748231-7736-4E5C-81DD-84A1E9AAFA76}.Debug|Mixed Platforms.ActiveCfg = Debug|Any CPU
		{DC748231-7736-4E5C-81DD-84A1E9AAFA76}.Debug|Mixed Platforms.Build.0 = Debug|Any CPU
		{DC748231-7736-4E5C-81DD-84A1E9AAFA76}.Debug|x86.ActiveCfg = Debug|Any CPU
		{DC748231-7736-4E5C-81DD-84A1E9AAFA76}.Release|Any CPU.ActiveCfg = Release|Any CPU
		{DC748231-7736-4E5C-81DD-84A1E9AAFA76}.Release|Any CPU.Build.0 = Release|Any CPU
		{DC748231-7736-4E5C-81DD-84A1E9AAFA76}.Release|Mixed Platforms.ActiveCfg = Release|Any CPU
		{DC748231-7736-4E5C-81DD-84A1E9AAFA76}.Release|Mixed Platforms.Build.0 = Release|Any CPU
		{DC748231-7736-4E5C-81DD-84A1E9AAFA76}.Release|x86.ActiveCfg = Release|Any CPU
		{17E952F5-C608-44B5-907F-5B11AD998206}.Debug|Any CPU.ActiveCfg = Debug|x86
		{17E952F5-C608-44B5-907F-5B11AD998206}.Debug|Any CPU.Build.0 = Debug|x86
		{17E952F5-C608-44B5-907F-5B11AD998206}.Debug|Mixed Platforms.ActiveCfg = Debug|x86
		{17E952F5-C608-44B5-907F-5B11AD998206}.Debug|Mixed Platforms.Build.0 = Debug|x86
		{17E952F5-C608-44B5-907F-5B11AD998206}.Debug|x86.ActiveCfg = Debug|x86
		{17E952F5-C608-44B5-907F-5B11AD998206}.Debug|x86.Build.0 = Debug|x86
		{17E952F5-C608-44B5-907F-5B11AD998206}.Release|Any CPU.ActiveCfg = Release|x86
		{17E952F5-C608-44B5-907F-5B11AD998206}.Release|Mixed Platforms.ActiveCfg = Release|x86
		{17E952F5-C608-44B5-907F-5B11AD998206}.Release|Mixed Platforms.Build.0 = Release|x86
		{17E952F5-C608-44B5-907F-5B11AD998206}.Release|x86.ActiveCfg = Release|x86
		{17E952F5-C608-44B5-907F-5B11AD998206}.Release|x86.Build.0 = Release|x86
	EndGlobalSection
	GlobalSection(SolutionProperties) = preSolution
		HideSolutionNode = FALSE
	EndGlobalSection
EndGlobal
